
Microsoft Visual Studio Solution File, Format Version 12.00
# Visual Studio Version 17
VisualStudioVersion = 17.0.31903.59
MinimumVisualStudioVersion = 10.0.40219.1
Project("{2150E333-8FDC-42A3-9474-1A3956D46DE8}") = "src", "src", "{827E0CD3-B72D-47B6-A68D-7590B98EB39B}"
EndProject
Project("{FAE04EC0-301F-11D3-BF4B-00C04F79EFBC}") = "CombinedStudies.Api", "src\CombinedStudies.Api\CombinedStudies.Api.csproj", "{542DEEEF-EE42-425F-9351-ED6BE92E6587}"
EndProject
Project("{FAE04EC0-301F-11D3-BF4B-00C04F79EFBC}") = "CombinedStudies.Shared", "src\CombinedStudies.Shared\CombinedStudies.Shared.csproj", "{401F06A4-75B0-4D38-99DC-9722BF2DB9C3}"
EndProject
Project("{FAE04EC0-301F-11D3-BF4B-00C04F79EFBC}") = "CombinedStudies.Identity", "src\Modules\Identity\CombinedStudies.Identity.csproj", "{F9062452-FDD4-4D95-82B6-1D1A5FB05048}"
EndProject
Project("{FAE04EC0-301F-11D3-BF4B-00C04F79EFBC}") = "CombinedStudies.Profiles", "src\Modules\Profiles\CombinedStudies.Profiles.csproj", "{F327191D-48A8-4C2F-ABFD-4F08E856D495}"
EndProject
Project("{FAE04EC0-301F-11D3-BF4B-00C04F79EFBC}") = "CombinedStudies.Matching", "src\Modules\Matching\CombinedStudies.Matching.csproj", "{FEEA01EF-5095-4068-A60C-3A9392A67BCC}"
EndProject
Project("{FAE04EC0-301F-11D3-BF4B-00C04F79EFBC}") = "CombinedStudies.Connections", "src\Modules\Connections\CombinedStudies.Connections.csproj", "{54AF7B51-0FBD-4433-8CEA-69EBCFE92DD1}"
EndProject
Project("{FAE04EC0-301F-11D3-BF4B-00C04F79EFBC}") = "CombinedStudies.Chat", "src\Modules\Chat\CombinedStudies.Chat.csproj", "{2AA12507-1A93-42E4-AF53-4EE4ED298028}"
EndProject
Project("{FAE04EC0-301F-11D3-BF4B-00C04F79EFBC}") = "CombinedStudies.Classrooms", "src\Modules\Classrooms\CombinedStudies.Classrooms.csproj", "{B1D44DA8-57D2-4F5A-B7CC-27BEC3BA7DF5}"
EndProject
Project("{FAE04EC0-301F-11D3-BF4B-00C04F79EFBC}") = "CombinedStudies.Ideas", "src\Modules\Ideas\CombinedStudies.Ideas.csproj", "{2EA91623-7AA7-48F4-9DF0-2ED3015E5238}"
EndProject
Project("{FAE04EC0-301F-11D3-BF4B-00C04F79EFBC}") = "CombinedStudies.Groups", "src\Modules\Groups\CombinedStudies.Groups.csproj", "{A6A4179D-3822-44B6-8650-2F0C937CB548}"
EndProject
Project("{FAE04EC0-301F-11D3-BF4B-00C04F79EFBC}") = "CombinedStudies.Reputation", "src\Modules\Reputation\CombinedStudies.Reputation.csproj", "{B8CD2AF1-491C-4414-A26C-D09DA7B575D3}"
EndProject
Project("{FAE04EC0-301F-11D3-BF4B-00C04F79EFBC}") = "CombinedStudies.Tests", "tests\CombinedStudies.Tests\CombinedStudies.Tests.csproj", "{3B04CDE2-4032-4303-96EA-BACAEDC056C2}"
EndProject
Global
	GlobalSection(SolutionConfigurationPlatforms) = preSolution
		Debug|Any CPU = Debug|Any CPU
		Debug|x64 = Debug|x64
		Debug|x86 = Debug|x86
		Release|Any CPU = Release|Any CPU
		Release|x64 = Release|x64
		Release|x86 = Release|x86
	EndGlobalSection
	GlobalSection(ProjectConfigurationPlatforms) = postSolution
		{542DEEEF-EE42-425F-9351-ED6BE92E6587}.Debug|Any CPU.ActiveCfg = Debug|Any CPU
		{542DEEEF-EE42-425F-9351-ED6BE92E6587}.Debug|Any CPU.Build.0 = Debug|Any CPU
		{542DEEEF-EE42-425F-9351-ED6BE92E6587}.Debug|x64.ActiveCfg = Debug|Any CPU
		{542DEEEF-EE42-425F-9351-ED6BE92E6587}.Debug|x64.Build.0 = Debug|Any CPU
		{542DEEEF-EE42-425F-9351-ED6BE92E6587}.Debug|x86.ActiveCfg = Debug|Any CPU
		{542DEEEF-EE42-425F-9351-ED6BE92E6587}.Debug|x86.Build.0 = Debug|Any CPU
		{542DEEEF-EE42-425F-9351-ED6BE92E6587}.Release|Any CPU.ActiveCfg = Release|Any CPU
		{542DEEEF-EE42-425F-9351-ED6BE92E6587}.Release|Any CPU.Build.0 = Release|Any CPU
		{542DEEEF-EE42-425F-9351-ED6BE92E6587}.Release|x64.ActiveCfg = Release|Any CPU
		{542DEEEF-EE42-425F-9351-ED6BE92E6587}.Release|x64.Build.0 = Release|Any CPU
		{542DEEEF-EE42-425F-9351-ED6BE92E6587}.Release|x86.ActiveCfg = Release|Any CPU
		{542DEEEF-EE42-425F-9351-ED6BE92E6587}.Release|x86.Build.0 = Release|Any CPU
		{401F06A4-75B0-4D38-99DC-9722BF2DB9C3}.Debug|Any CPU.ActiveCfg = Debug|Any CPU
		{401F06A4-75B0-4D38-99DC-9722BF2DB9C3}.Debug|Any CPU.Build.0 = Debug|Any CPU
		{401F06A4-75B0-4D38-99DC-9722BF2DB9C3}.Debug|x64.ActiveCfg = Debug|Any CPU
		{401F06A4-75B0-4D38-99DC-9722BF2DB9C3}.Debug|x64.Build.0 = Debug|Any CPU
		{401F06A4-75B0-4D38-99DC-9722BF2DB9C3}.Debug|x86.ActiveCfg = Debug|Any CPU
		{401F06A4-75B0-4D38-99DC-9722BF2DB9C3}.Debug|x86.Build.0 = Debug|Any CPU
		{401F06A4-75B0-4D38-99DC-9722BF2DB9C3}.Release|Any CPU.ActiveCfg = Release|Any CPU
		{401F06A4-75B0-4D38-99DC-9722BF2DB9C3}.Release|Any CPU.Build.0 = Release|Any CPU
		{401F06A4-75B0-4D38-99DC-9722BF2DB9C3}.Release|x64.ActiveCfg = Release|Any CPU
		{401F06A4-75B0-4D38-99DC-9722BF2DB9C3}.Release|x64.Build.0 = Release|Any CPU
		{401F06A4-75B0-4D38-99DC-9722BF2DB9C3}.Release|x86.ActiveCfg = Release|Any CPU
		{401F06A4-75B0-4D38-99DC-9722BF2DB9C3}.Release|x86.Build.0 = Release|Any CPU
		{F9062452-FDD4-4D95-82B6-1D1A5FB05048}.Debug|Any CPU.ActiveCfg = Debug|Any CPU
		{F9062452-FDD4-4D95-82B6-1D1A5FB05048}.Debug|Any CPU.Build.0 = Debug|Any CPU
		{F9062452-FDD4-4D95-82B6-1D1A5FB05048}.Debug|x64.ActiveCfg = Debug|Any CPU
		{F9062452-FDD4-4D95-82B6-1D1A5FB05048}.Debug|x64.Build.0 = Debug|Any CPU
		{F9062452-FDD4-4D95-82B6-1D1A5FB05048}.Debug|x86.ActiveCfg = Debug|Any CPU
		{F9062452-FDD4-4D95-82B6-1D1A5FB05048}.Debug|x86.Build.0 = Debug|Any CPU
		{F9062452-FDD4-4D95-82B6-1D1A5FB05048}.Release|Any CPU.ActiveCfg = Release|Any CPU
		{F9062452-FDD4-4D95-82B6-1D1A5FB05048}.Release|Any CPU.Build.0 = Release|Any CPU
		{F9062452-FDD4-4D95-82B6-1D1A5FB05048}.Release|x64.ActiveCfg = Release|Any CPU
		{F9062452-FDD4-4D95-82B6-1D1A5FB05048}.Release|x64.Build.0 = Release|Any CPU
		{F9062452-FDD4-4D95-82B6-1D1A5FB05048}.Release|x86.ActiveCfg = Release|Any CPU
		{F9062452-FDD4-4D95-82B6-1D1A5FB05048}.Release|x86.Build.0 = Release|Any CPU
		{F327191D-48A8-4C2F-ABFD-4F08E856D495}.Debug|Any CPU.ActiveCfg = Debug|Any CPU
		{F327191D-48A8-4C2F-ABFD-4F08E856D495}.Debug|Any CPU.Build.0 = Debug|Any CPU
		{F327191D-48A8-4C2F-ABFD-4F08E856D495}.Debug|x64.ActiveCfg = Debug|Any CPU
		{F327191D-48A8-4C2F-ABFD-4F08E856D495}.Debug|x64.Build.0 = Debug|Any CPU
		{F327191D-48A8-4C2F-ABFD-4F08E856D495}.Debug|x86.ActiveCfg = Debug|Any CPU
		{F327191D-48A8-4C2F-ABFD-4F08E856D495}.Debug|x86.Build.0 = Debug|Any CPU
		{F327191D-48A8-4C2F-ABFD-4F08E856D495}.Release|Any CPU.ActiveCfg = Release|Any CPU
		{F327191D-48A8-4C2F-ABFD-4F08E856D495}.Release|Any CPU.Build.0 = Release|Any CPU
		{F327191D-48A8-4C2F-ABFD-4F08E856D495}.Release|x64.ActiveCfg = Release|Any CPU
		{F327191D-48A8-4C2F-ABFD-4F08E856D495}.Release|x64.Build.0 = Release|Any CPU
		{F327191D-48A8-4C2F-ABFD-4F08E856D495}.Release|x86.ActiveCfg = Release|Any CPU
		{F327191D-48A8-4C2F-ABFD-4F08E856D495}.Release|x86.Build.0 = Release|Any CPU
		{FEEA01EF-5095-4068-A60C-3A9392A67BCC}.Debug|Any CPU.ActiveCfg = Debug|Any CPU
		{FEEA01EF-5095-4068-A60C-3A9392A67BCC}.Debug|Any CPU.Build.0 = Debug|Any CPU
		{FEEA01EF-5095-4068-A60C-3A9392A67BCC}.Debug|x64.ActiveCfg = Debug|Any CPU
		{FEEA01EF-5095-4068-A60C-3A9392A67BCC}.Debug|x64.Build.0 = Debug|Any CPU
		{FEEA01EF-5095-4068-A60C-3A9392A67BCC}.Debug|x86.ActiveCfg = Debug|Any CPU
		{FEEA01EF-5095-4068-A60C-3A9392A67BCC}.Debug|x86.Build.0 = Debug|Any CPU
		{FEEA01EF-5095-4068-A60C-3A9392A67BCC}.Release|Any CPU.ActiveCfg = Release|Any CPU
		{FEEA01EF-5095-4068-A60C-3A9392A67BCC}.Release|Any CPU.Build.0 = Release|Any CPU
		{FEEA01EF-5095-4068-A60C-3A9392A67BCC}.Release|x64.ActiveCfg = Release|Any CPU
		{FEEA01EF-5095-4068-A60C-3A9392A67BCC}.Release|x64.Build.0 = Release|Any CPU
		{FEEA01EF-5095-4068-A60C-3A9392A67BCC}.Release|x86.ActiveCfg = Release|Any CPU
		{FEEA01EF-5095-4068-A60C-3A9392A67BCC}.Release|x86.Build.0 = Release|Any CPU
		{54AF7B51-0FBD-4433-8CEA-69EBCFE92DD1}.Debug|Any CPU.ActiveCfg = Debug|Any CPU
		{54AF7B51-0FBD-4433-8CEA-69EBCFE92DD1}.Debug|Any CPU.Build.0 = Debug|Any CPU
		{54AF7B51-0FBD-4433-8CEA-69EBCFE92DD1}.Debug|x64.ActiveCfg = Debug|Any CPU
		{54AF7B51-0FBD-4433-8CEA-69EBCFE92DD1}.Debug|x64.Build.0 = Debug|Any CPU
		{54AF7B51-0FBD-4433-8CEA-69EBCFE92DD1}.Debug|x86.ActiveCfg = Debug|Any CPU
		{54AF7B51-0FBD-4433-8CEA-69EBCFE92DD1}.Debug|x86.Build.0 = Debug|Any CPU
		{54AF7B51-0FBD-4433-8CEA-69EBCFE92DD1}.Release|Any CPU.ActiveCfg = Release|Any CPU
		{54AF7B51-0FBD-4433-8CEA-69EBCFE92DD1}.Release|Any CPU.Build.0 = Release|Any CPU
		{54AF7B51-0FBD-4433-8CEA-69EBCFE92DD1}.Release|x64.ActiveCfg = Release|Any CPU
		{54AF7B51-0FBD-4433-8CEA-69EBCFE92DD1}.Release|x64.Build.0 = Release|Any CPU
		{54AF7B51-0FBD-4433-8CEA-69EBCFE92DD1}.Release|x86.ActiveCfg = Release|Any CPU
		{54AF7B51-0FBD-4433-8CEA-69EBCFE92DD1}.Release|x86.Build.0 = Release|Any CPU
		{2AA12507-1A93-42E4-AF53-4EE4ED298028}.Debug|Any CPU.ActiveCfg = Debug|Any CPU
		{2AA12507-1A93-42E4-AF53-4EE4ED298028}.Debug|Any CPU.Build.0 = Debug|Any CPU
		{2AA12507-1A93-42E4-AF53-4EE4ED298028}.Debug|x64.ActiveCfg = Debug|Any CPU
		{2AA12507-1A93-42E4-AF53-4EE4ED298028}.Debug|x64.Build.0 = Debug|Any CPU
		{2AA12507-1A93-42E4-AF53-4EE4ED298028}.Debug|x86.ActiveCfg = Debug|Any CPU
		{2AA12507-1A93-42E4-AF53-4EE4ED298028}.Debug|x86.Build.0 = Debug|Any CPU
		{2AA12507-1A93-42E4-AF53-4EE4ED298028}.Release|Any CPU.ActiveCfg = Release|Any CPU
		{2AA12507-1A93-42E4-AF53-4EE4ED298028}.Release|Any CPU.Build.0 = Release|Any CPU
		{2AA12507-1A93-42E4-AF53-4EE4ED298028}.Release|x64.ActiveCfg = Release|Any CPU
		{2AA12507-1A93-42E4-AF53-4EE4ED298028}.Release|x64.Build.0 = Release|Any CPU
		{2AA12507-1A93-42E4-AF53-4EE4ED298028}.Release|x86.ActiveCfg = Release|Any CPU
		{2AA12507-1A93-42E4-AF53-4EE4ED298028}.Release|x86.Build.0 = Release|Any CPU
		{B1D44DA8-57D2-4F5A-B7CC-27BEC3BA7DF5}.Debug|Any CPU.ActiveCfg = Debug|Any CPU
		{B1D44DA8-57D2-4F5A-B7CC-27BEC3BA7DF5}.Debug|Any CPU.Build.0 = Debug|Any CPU
		{B1D44DA8-57D2-4F5A-B7CC-27BEC3BA7DF5}.Debug|x64.ActiveCfg = Debug|Any CPU
		{B1D44DA8-57D2-4F5A-B7CC-27BEC3BA7DF5}.Debug|x64.Build.0 = Debug|Any CPU
		{B1D44DA8-57D2-4F5A-B7CC-27BEC3BA7DF5}.Debug|x86.ActiveCfg = Debug|Any CPU
		{B1D44DA8-57D2-4F5A-B7CC-27BEC3BA7DF5}.Debug|x86.Build.0 = Debug|Any CPU
		{B1D44DA8-57D2-4F5A-B7CC-27BEC3BA7DF5}.Release|Any CPU.ActiveCfg = Release|Any CPU
		{B1D44DA8-57D2-4F5A-B7CC-27BEC3BA7DF5}.Release|Any CPU.Build.0 = Release|Any CPU
		{B1D44DA8-57D2-4F5A-B7CC-27BEC3BA7DF5}.Release|x64.ActiveCfg = Release|Any CPU
		{B1D44DA8-57D2-4F5A-B7CC-27BEC3BA7DF5}.Release|x64.Build.0 = Release|Any CPU
		{B1D44DA8-57D2-4F5A-B7CC-27BEC3BA7DF5}.Release|x86.ActiveCfg = Release|Any CPU
		{B1D44DA8-57D2-4F5A-B7CC-27BEC3BA7DF5}.Release|x86.Build.0 = Release|Any CPU
		{2EA91623-7AA7-48F4-9DF0-2ED3015E5238}.Debug|Any CPU.ActiveCfg = Debug|Any CPU
		{2EA91623-7AA7-48F4-9DF0-2ED3015E5238}.Debug|Any CPU.Build.0 = Debug|Any CPU
		{2EA91623-7AA7-48F4-9DF0-2ED3015E5238}.Debug|x64.ActiveCfg = Debug|Any CPU
		{2EA91623-7AA7-48F4-9DF0-2ED3015E5238}.Debug|x64.Build.0 = Debug|Any CPU
		{2EA91623-7AA7-48F4-9DF0-2ED3015E5238}.Debug|x86.ActiveCfg = Debug|Any CPU
		{2EA91623-7AA7-48F4-9DF0-2ED3015E5238}.Debug|x86.Build.0 = Debug|Any CPU
		{2EA91623-7AA7-48F4-9DF0-2ED3015E5238}.Release|Any CPU.ActiveCfg = Release|Any CPU
		{2EA91623-7AA7-48F4-9DF0-2ED3015E5238}.Release|Any CPU.Build.0 = Release|Any CPU
		{2EA91623-7AA7-48F4-9DF0-2ED3015E5238}.Release|x64.ActiveCfg = Release|Any CPU
		{2EA91623-7AA7-48F4-9DF0-2ED3015E5238}.Release|x64.Build.0 = Release|Any CPU
		{2EA91623-7AA7-48F4-9DF0-2ED3015E5238}.Release|x86.ActiveCfg = Release|Any CPU
		{2EA91623-7AA7-48F4-9DF0-2ED3015E5238}.Release|x86.Build.0 = Release|Any CPU
		{A6A4179D-3822-44B6-8650-2F0C937CB548}.Debug|Any CPU.ActiveCfg = Debug|Any CPU
		{A6A4179D-3822-44B6-8650-2F0C937CB548}.Debug|Any CPU.Build.0 = Debug|Any CPU
		{A6A4179D-3822-44B6-8650-2F0C937CB548}.Debug|x64.ActiveCfg = Debug|Any CPU
		{A6A4179D-3822-44B6-8650-2F0C937CB548}.Debug|x64.Build.0 = Debug|Any CPU
		{A6A4179D-3822-44B6-8650-2F0C937CB548}.Debug|x86.ActiveCfg = Debug|Any CPU
		{A6A4179D-3822-44B6-8650-2F0C937CB548}.Debug|x86.Build.0 = Debug|Any CPU
		{A6A4179D-3822-44B6-8650-2F0C937CB548}.Release|Any CPU.ActiveCfg = Release|Any CPU
		{A6A4179D-3822-44B6-8650-2F0C937CB548}.Release|Any CPU.Build.0 = Release|Any CPU
		{A6A4179D-3822-44B6-8650-2F0C937CB548}.Release|x64.ActiveCfg = Release|Any CPU
		{A6A4179D-3822-44B6-8650-2F0C937CB548}.Release|x64.Build.0 = Release|Any CPU
		{A6A4179D-3822-44B6-8650-2F0C937CB548}.Release|x86.ActiveCfg = Release|Any CPU
		{A6A4179D-3822-44B6-8650-2F0C937CB548}.Release|x86.Build.0 = Release|Any CPU
		{B8CD2AF1-491C-4414-A26C-D09DA7B575D3}.Debug|Any CPU.ActiveCfg = Debug|Any CPU
		{B8CD2AF1-491C-4414-A26C-D09DA7B575D3}.Debug|Any CPU.Build.0 = Debug|Any CPU
		{B8CD2AF1-491C-4414-A26C-D09DA7B575D3}.Debug|x64.ActiveCfg = Debug|Any CPU
		{B8CD2AF1-491C-4414-A26C-D09DA7B575D3}.Debug|x64.Build.0 = Debug|Any CPU
		{B8CD2AF1-491C-4414-A26C-D09DA7B575D3}.Debug|x86.ActiveCfg = Debug|Any CPU
		{B8CD2AF1-491C-4414-A26C-D09DA7B575D3}.Debug|x86.Build.0 = Debug|Any CPU
		{B8CD2AF1-491C-4414-A26C-D09DA7B575D3}.Release|Any CPU.ActiveCfg = Release|Any CPU
		{B8CD2AF1-491C-4414-A26C-D09DA7B575D3}.Release|Any CPU.Build.0 = Release|Any CPU
		{B8CD2AF1-491C-4414-A26C-D09DA7B575D3}.Release|x64.ActiveCfg = Release|Any CPU
		{B8CD2AF1-491C-4414-A26C-D09DA7B575D3}.Release|x64.Build.0 = Release|Any CPU
		{B8CD2AF1-491C-4414-A26C-D09DA7B575D3}.Release|x86.ActiveCfg = Release|Any CPU
		{B8CD2AF1-491C-4414-A26C-D09DA7B575D3}.Release|x86.Build.0 = Release|Any CPU
		{3B04CDE2-4032-4303-96EA-BACAEDC056C2}.Debug|Any CPU.ActiveCfg = Debug|Any CPU
		{3B04CDE2-4032-4303-96EA-BACAEDC056C2}.Debug|Any CPU.Build.0 = Debug|Any CPU
		{3B04CDE2-4032-4303-96EA-BACAEDC056C2}.Debug|x64.ActiveCfg = Debug|Any CPU
		{3B04CDE2-4032-4303-96EA-BACAEDC056C2}.Debug|x64.Build.0 = Debug|Any CPU
		{3B04CDE2-4032-4303-96EA-BACAEDC056C2}.Debug|x86.ActiveCfg = Debug|Any CPU
		{3B04CDE2-4032-4303-96EA-BACAEDC056C2}.Debug|x86.Build.0 = Debug|Any CPU
		{3B04CDE2-4032-4303-96EA-BACAEDC056C2}.Release|Any CPU.ActiveCfg = Release|Any CPU
		{3B04CDE2-4032-4303-96EA-BACAEDC056C2}.Release|Any CPU.Build.0 = Release|Any CPU
		{3B04CDE2-4032-4303-96EA-BACAEDC056C2}.Release|x64.ActiveCfg = Release|Any CPU
		{3B04CDE2-4032-4303-96EA-BACAEDC056C2}.Release|x64.Build.0 = Release|Any CPU
		{3B04CDE2-4032-4303-96EA-BACAEDC056C2}.Release|x86.ActiveCfg = Release|Any CPU
		{3B04CDE2-4032-4303-96EA-BACAEDC056C2}.Release|x86.Build.0 = Release|Any CPU
	EndGlobalSection
	GlobalSection(SolutionProperties) = preSolution
		HideSolutionNode = FALSE
	EndGlobalSection
	GlobalSection(NestedProjects) = preSolution
		{542DEEEF-EE42-425F-9351-ED6BE92E6587} = {827E0CD3-B72D-47B6-A68D-7590B98EB39B}
		{401F06A4-75B0-4D38-99DC-9722BF2DB9C3} = {827E0CD3-B72D-47B6-A68D-7590B98EB39B}
		{F9062452-FDD4-4D95-82B6-1D1A5FB05048} = {827E0CD3-B72D-47B6-A68D-7590B98EB39B}
		{F327191D-48A8-4C2F-ABFD-4F08E856D495} = {827E0CD3-B72D-47B6-A68D-7590B98EB39B}
		{FEEA01EF-5095-4068-A60C-3A9392A67BCC} = {827E0CD3-B72D-47B6-A68D-7590B98EB39B}
		{54AF7B51-0FBD-4433-8CEA-69EBCFE92DD1} = {827E0CD3-B72D-47B6-A68D-7590B98EB39B}
		{2AA12507-1A93-42E4-AF53-4EE4ED298028} = {827E0CD3-B72D-47B6-A68D-7590B98EB39B}
		{B1D44DA8-57D2-4F5A-B7CC-27BEC3BA7DF5} = {827E0CD3-B72D-47B6-A68D-7590B98EB39B}
		{2EA91623-7AA7-48F4-9DF0-2ED3015E5238} = {827E0CD3-B72D-47B6-A68D-7590B98EB39B}
		{A6A4179D-3822-44B6-8650-2F0C937CB548} = {827E0CD3-B72D-47B6-A68D-7590B98EB39B}
		{B8CD2AF1-491C-4414-A26C-D09DA7B575D3} = {827E0CD3-B72D-47B6-A68D-7590B98EB39B}
		{3B04CDE2-4032-4303-96EA-BACAEDC056C2} = {827E0CD3-B72D-47B6-A68D-7590B98EB39B}
	EndGlobalSection
EndGlobal
